// !$*UTF8*$!
{
	archiveVersion = 1;
	classes = {
	};
	objectVersion = 50;
	objects = {

/* Begin PBXBuildFile section */
		845490AC23E9D90F00ED1CD4 /* AppDelegate.swift in Sources */ = {isa = PBXBuildFile; fileRef = 845490AB23E9D90F00ED1CD4 /* AppDelegate.swift */; };
		845490AE23E9D90F00ED1CD4 /* SceneDelegate.swift in Sources */ = {isa = PBXBuildFile; fileRef = 845490AD23E9D90F00ED1CD4 /* SceneDelegate.swift */; };
		845490B023E9D90F00ED1CD4 /* ViewController.swift in Sources */ = {isa = PBXBuildFile; fileRef = 845490AF23E9D90F00ED1CD4 /* ViewController.swift */; };
		845490B323E9D90F00ED1CD4 /* Main.storyboard in Resources */ = {isa = PBXBuildFile; fileRef = 845490B123E9D90F00ED1CD4 /* Main.storyboard */; };
		845490B623E9D90F00ED1CD4 /* HOL5.xcdatamodeld in Sources */ = {isa = PBXBuildFile; fileRef = 845490B423E9D90F00ED1CD4 /* HOL5.xcdatamodeld */; };
		845490B823E9D91100ED1CD4 /* Assets.xcassets in Resources */ = {isa = PBXBuildFile; fileRef = 845490B723E9D91100ED1CD4 /* Assets.xcassets */; };
		845490BB23E9D91100ED1CD4 /* LaunchScreen.storyboard in Resources */ = {isa = PBXBuildFile; fileRef = 845490B923E9D91100ED1CD4 /* LaunchScreen.storyboard */; };
		845490C323E9D9F900ED1CD4 /* Fruits.plist in Resources */ = {isa = PBXBuildFile; fileRef = 845490C223E9D9F900ED1CD4 /* Fruits.plist */; };
/* End PBXBuildFile section */

/* Begin PBXFileReference section */
		845490A823E9D90F00ED1CD4 /* HOL5.app */ = {isa = PBXFileReference; explicitFileType = wrapper.application; includeInIndex = 0; path = HOL5.app; sourceTree = BUILT_PRODUCTS_DIR; };
		845490AB23E9D90F00ED1CD4 /* AppDelegate.swift */ = {isa = PBXFileReference; lastKnownFileType = sourcecode.swift; path = AppDelegate.swift; sourceTree = "<group>"; };
		845490AD23E9D90F00ED1CD4 /* SceneDelegate.swift */ = {isa = PBXFileReference; lastKnownFileType = sourcecode.swift; path = SceneDelegate.swift; sourceTree = "<group>"; };
		845490AF23E9D90F00ED1CD4 /* ViewController.swift */ = {isa = PBXFileReference; lastKnownFileType = sourcecode.swift; path = ViewController.swift; sourceTree = "<group>"; };
		845490B223E9D90F00ED1CD4 /* Base */ = {isa = PBXFileReference; lastKnownFileType = file.storyboard; name = Base; path = Base.lproj/Main.storyboard; sourceTree = "<group>"; };
		845490B523E9D90F00ED1CD4 /* HOL5.xcdatamodel */ = {isa = PBXFileReference; lastKnownFileType = wrapper.xcdatamodel; path = HOL5.xcdatamodel; sourceTree = "<group>"; };
		845490B723E9D91100ED1CD4 /* Assets.xcassets */ = {isa = PBXFileReference; lastKnownFileType = folder.assetcatalog; path = Assets.xcassets; sourceTree = "<group>"; };
		845490BA23E9D91100ED1CD4 /* Base */ = {isa = PBXFileReference; lastKnownFileType = file.storyboard; name = Base; path = Base.lproj/LaunchScreen.storyboard; sourceTree = "<group>"; };
		845490BC23E9D91100ED1CD4 /* Info.plist */ = {isa = PBXFileReference; lastKnownFileType = text.plist.xml; path = Info.plist; sourceTree = "<group>"; };
		845490C223E9D9F900ED1CD4 /* Fruits.plist */ = {isa = PBXFileReference; lastKnownFileType = text.plist.xml; path = Fruits.plist; sourceTree = "<group>"; };
/* End PBXFileReference section */

/* Begin PBXFrameworksBuildPhase section */
		845490A523E9D90F00ED1CD4 /* Frameworks */ = {
			isa = PBXFrameworksBuildPhase;
			buildActionMask = 2147483647;
			files = (
			);
			runOnlyForDeploymentPostprocessing = 0;
		};
/* End PBXFrameworksBuildPhase section */

/* Begin PBXGroup section */
		8454909F23E9D90F00ED1CD4 = {
			isa = PBXGroup;
			children = (
				845490AA23E9D90F00ED1CD4 /* HOL5 */,
				845490A923E9D90F00ED1CD4 /* Products */,
			);
			sourceTree = "<group>";
		};
		845490A923E9D90F00ED1CD4 /* Products */ = {
			isa = PBXGroup;
			children = (
				845490A823E9D90F00ED1CD4 /* HOL5.app */,
			);
			name = Products;
			sourceTree = "<group>";
		};
		845490AA23E9D90F00ED1CD4 /* HOL5 */ = {
			isa = PBXGroup;
			children = (
				845490AB23E9D90F00ED1CD4 /* AppDelegate.swift */,
				845490AD23E9D90F00ED1CD4 /* SceneDelegate.swift */,
				845490AF23E9D90F00ED1CD4 /* ViewController.swift */,
				845490B123E9D90F00ED1CD4 /* Main.storyboard */,
				845490B723E9D91100ED1CD4 /* Assets.xcassets */,
				845490B923E9D91100ED1CD4 /* LaunchScreen.storyboard */,
				845490BC23E9D91100ED1CD4 /* Info.plist */,
				845490B423E9D90F00ED1CD4 /* HOL5.xcdatamodeld */,
				845490C223E9D9F900ED1CD4 /* Fruits.plist */,
			);
			path = HOL5;
			sourceTree = "<group>";
		};
/* End PBXGroup section */

/* Begin PBXNativeTarget section */
		845490A723E9D90F00ED1CD4 /* HOL5 */ = {
			isa = PBXNativeTarget;
			buildConfigurationList = 845490BF23E9D91100ED1CD4 /* Build configuration list for PBXNativeTarget "HOL5" */;
			buildPhases = (
				845490A423E9D90F00ED1CD4 /* Sources */,
				845490A523E9D90F00ED1CD4 /* Frameworks */,
				845490A623E9D90F00ED1CD4 /* Resources */,
			);
			buildRules = (
			);
			dependencies = (
			);
			name = HOL5;
			productName = HOL5;
			productReference = 845490A823E9D90F00ED1CD4 /* HOL5.app */;
			productType = "com.apple.product-type.application";
		};
/* End PBXNativeTarget section */

/* Begin PBXProject section */
		845490A023E9D90F00ED1CD4 /* Project object */ = {
			isa = PBXProject;
			attributes = {
				LastSwiftUpdateCheck = 1130;
				LastUpgradeCheck = 1130;
				ORGANIZATIONNAME = Revature;
				TargetAttributes = {
					845490A723E9D90F00ED1CD4 = {
						CreatedOnToolsVersion = 11.3.1;
					};
				};
			};
			buildConfigurationList = 845490A323E9D90F00ED1CD4 /* Build configuration list for PBXProject "HOL5" */;
			compatibilityVersion = "Xcode 9.3";
			developmentRegion = en;
			hasScannedForEncodings = 0;
			knownRegions = (
				en,
				Base,
			);
			mainGroup = 8454909F23E9D90F00ED1CD4;
			productRefGroup = 845490A923E9D90F00ED1CD4 /* Products */;
			projectDirPath = "";
			projectRoot = "";
			targets = (
				845490A723E9D90F00ED1CD4 /* HOL5 */,
			);
		};
/* End PBXProject section */

/* Begin PBXResourcesBuildPhase section */
		845490A623E9D90F00ED1CD4 /* Resources */ = {
			isa = PBXResourcesBuildPhase;
			buildActionMask = 2147483647;
			files = (
				845490BB23E9D91100ED1CD4 /* LaunchScreen.storyboard in Resources */,
				845490B823E9D91100ED1CD4 /* Assets.xcassets in Resources */,
				845490B323E9D90F00ED1CD4 /* Main.storyboard in Resources */,
				845490C323E9D9F900ED1CD4 /* Fruits.plist in Resources */,
			);
			runOnlyForDeploymentPostprocessing = 0;
		};
/* End PBXResourcesBuildPhase section */

/* Begin PBXSourcesBuildPhase section */
		845490A423E9D90F00ED1CD4 /* Sources */ = {
			isa = PBXSourcesBuildPhase;
			buildActionMask = 2147483647;
			files = (
				845490B023E9D90F00ED1CD4 /* ViewController.swift in Sources */,
				845490B623E9D90F00ED1CD4 /* HOL5.xcdatamodeld in Sources */,
				845490AC23E9D90F00ED1CD4 /* AppDelegate.swift in Sources */,
				845490AE23E9D90F00ED1CD4 /* SceneDelegate.swift in Sources */,
			);
			runOnlyForDeploymentPostprocessing = 0;
		};
/* End PBXSourcesBuildPhase section */

/* Begin PBXVariantGroup section */
		845490B123E9D90F00ED1CD4 /* Main.storyboard */ = {
			isa = PBXVariantGroup;
			children = (
				845490B223E9D90F00ED1CD4 /* Base */,
			);
			name = Main.storyboard;
			sourceTree = "<group>";
		};
		845490B923E9D91100ED1CD4 /* LaunchScreen.storyboard */ = {
			isa = PBXVariantGroup;
			children = (
				845490BA23E9D91100ED1CD4 /* Base */,
			);
			name = LaunchScreen.storyboard;
			sourceTree = "<group>";
		};
/* End PBXVariantGroup section */

/* Begin XCBuildConfiguration section */
		845490BD23E9D91100ED1CD4 /* Debug */ = {
			isa = XCBuildConfiguration;
			buildSettings = {
				ALWAYS_SEARCH_USER_PATHS = NO;
				CLANG_ANALYZER_NONNULL = YES;
				CLANG_ANALYZER_NUMBER_OBJECT_CONVERSION = YES_AGGRESSIVE;
				CLANG_CXX_LANGUAGE_STANDARD = "gnu++14";
				CLANG_CXX_LIBRARY = "libc++";
				CLANG_ENABLE_MODULES = YES;
				CLANG_ENABLE_OBJC_ARC = YES;
				CLANG_ENABLE_OBJC_WEAK = YES;
				CLANG_WARN_BLOCK_CAPTURE_AUTORELEASING = YES;
				CLANG_WARN_BOOL_CONVERSION = YES;
				CLANG_WARN_COMMA = YES;
				CLANG_WARN_CONSTANT_CONVERSION = YES;
				CLANG_WARN_DEPRECATED_OBJC_IMPLEMENTATIONS = YES;
				CLANG_WARN_DIRECT_OBJC_ISA_USAGE = YES_ERROR;
				CLANG_WARN_DOCUMENTATION_COMMENTS = YES;
				CLANG_WARN_EMPTY_BODY = YES;
				CLANG_WARN_ENUM_CONVERSION = YES;
				CLANG_WARN_INFINITE_RECURSION = YES;
				CLANG_WARN_INT_CONVERSION = YES;
				CLANG_WARN_NON_LITERAL_NULL_CONVERSION = YES;
				CLANG_WARN_OBJC_IMPLICIT_RETAIN_SELF = YES;
				CLANG_WARN_OBJC_LITERAL_CONVERSION = YES;
				CLANG_WARN_OBJC_ROOT_CLASS = YES_ERROR;
				CLANG_WARN_RANGE_LOOP_ANALYSIS = YES;
				CLANG_WARN_STRICT_PROTOTYPES = YES;
				CLANG_WARN_SUSPICIOUS_MOVE = YES;
				CLANG_WARN_UNGUARDED_AVAILABILITY = YES_AGGRESSIVE;
				CLANG_WARN_UNREACHABLE_CODE = YES;
				CLANG_WARN__DUPLICATE_METHOD_MATCH = YES;
				COPY_PHASE_STRIP = NO;
				DEBUG_INFORMATION_FORMAT = dwarf;
				ENABLE_STRICT_OBJC_MSGSEND = YES;
				ENABLE_TESTABILITY = YES;
				GCC_C_LANGUAGE_STANDARD = gnu11;
				GCC_DYNAMIC_NO_PIC = NO;
				GCC_NO_COMMON_BLOCKS = YES;
				GCC_OPTIMIZATION_LEVEL = 0;
				GCC_PREPROCESSOR_DEFINITIONS = (
					"DEBUG=1",
					"$(inherited)",
				);
				GCC_WARN_64_TO_32_BIT_CONVERSION = YES;
				GCC_WARN_ABOUT_RETURN_TYPE = YES_ERROR;
				GCC_WARN_UNDECLARED_SELECTOR = YES;
				GCC_WARN_UNINITIALIZED_AUTOS = YES_AGGRESSIVE;
				GCC_WARN_UNUSED_FUNCTION = YES;
				GCC_WARN_UNUSED_VARIABLE = YES;
				IPHONEOS_DEPLOYMENT_TARGET = 13.2;
				MTL_ENABLE_DEBUG_INFO = INCLUDE_SOURCE;
				MTL_FAST_MATH = YES;
				ONLY_ACTIVE_ARCH = YES;
				SDKROOT = iphoneos;
				SWIFT_ACTIVE_COMPILATION_CONDITIONS = DEBUG;
				SWIFT_OPTIMIZATION_LEVEL = "-Onone";
			};
			name = Debug;
		};
		845490BE23E9D91100ED1CD4 /* Release */ = {
			isa = XCBuildConfiguration;
			buildSettings = {
				ALWAYS_SEARCH_USER_PATHS = NO;
				CLANG_ANALYZER_NONNULL = YES;
				CLANG_ANALYZER_NUMBER_OBJECT_CONVERSION = YES_AGGRESSIVE;
				CLANG_CXX_LANGUAGE_STANDARD = "gnu++14";
				CLANG_CXX_LIBRARY = "libc++";
				CLANG_ENABLE_MODULES = YES;
				CLANG_ENABLE_OBJC_ARC = YES;
				CLANG_ENABLE_OBJC_WEAK = YES;
				CLANG_WARN_BLOCK_CAPTURE_AUTORELEASING = YES;
				CLANG_WARN_BOOL_CONVERSION = YES;
				CLANG_WARN_COMMA = YES;
				CLANG_WARN_CONSTANT_CONVERSION = YES;
				CLANG_WARN_DEPRECATED_OBJC_IMPLEMENTATIONS = YES;
				CLANG_WARN_DIRECT_OBJC_ISA_USAGE = YES_ERROR;
				CLANG_WARN_DOCUMENTATION_COMMENTS = YES;
				CLANG_WARN_EMPTY_BODY = YES;
				CLANG_WARN_ENUM_CONVERSION = YES;
				CLANG_WARN_INFINITE_RECURSION = YES;
				CLANG_WARN_INT_CONVERSION = YES;
				CLANG_WARN_NON_LITERAL_NULL_CONVERSION = YES;
				CLANG_WARN_OBJC_IMPLICIT_RETAIN_SELF = YES;
				CLANG_WARN_OBJC_LITERAL_CONVERSION = YES;
				CLANG_WARN_OBJC_ROOT_CLASS = YES_ERROR;
				CLANG_WARN_RANGE_LOOP_ANALYSIS = YES;
				CLANG_WARN_STRICT_PROTOTYPES = YES;
				CLANG_WARN_SUSPICIOUS_MOVE = YES;
				CLANG_WARN_UNGUARDED_AVAILABILITY = YES_AGGRESSIVE;
				CLANG_WARN_UNREACHABLE_CODE = YES;
				CLANG_WARN__DUPLICATE_METHOD_MATCH = YES;
				COPY_PHASE_STRIP = NO;
				DEBUG_INFORMATION_FORMAT = "dwarf-with-dsym";
				ENABLE_NS_ASSERTIONS = NO;
				ENABLE_STRICT_OBJC_MSGSEND = YES;
				GCC_C_LANGUAGE_STANDARD = gnu11;
				GCC_NO_COMMON_BLOCKS = YES;
				GCC_WARN_64_TO_32_BIT_CONVERSION = YES;
				GCC_WARN_ABOUT_RETURN_TYPE = YES_ERROR;
				GCC_WARN_UNDECLARED_SELECTOR = YES;
				GCC_WARN_UNINITIALIZED_AUTOS = YES_AGGRESSIVE;
				GCC_WARN_UNUSED_FUNCTION = YES;
				GCC_WARN_UNUSED_VARIABLE = YES;
				IPHONEOS_DEPLOYMENT_TARGET = 13.2;
				MTL_ENABLE_DEBUG_INFO = NO;
				MTL_FAST_MATH = YES;
				SDKROOT = iphoneos;
				SWIFT_COMPILATION_MODE = wholemodule;
				SWIFT_OPTIMIZATION_LEVEL = "-O";
				VALIDATE_PRODUCT = YES;
			};
			name = Release;
		};
		845490C023E9D91100ED1CD4 /* Debug */ = {
			isa = XCBuildConfiguration;
			buildSettings = {
				ASSETCATALOG_COMPILER_APPICON_NAME = AppIcon;
				CODE_SIGN_STYLE = Automatic;
				INFOPLIST_FILE = HOL5/Info.plist;
				LD_RUNPATH_SEARCH_PATHS = (
					"$(inherited)",
					"@executable_path/Frameworks",
				);
				PRODUCT_BUNDLE_IDENTIFIER = com.revature.HOL5;
				PRODUCT_NAME = "$(TARGET_NAME)";
				SWIFT_VERSION = 5.0;
				TARGETED_DEVICE_FAMILY = "1,2";
			};
			name = Debug;
		};
		845490C123E9D91100ED1CD4 /* Release */ = {
			isa = XCBuildConfiguration;
			buildSettings = {
				ASSETCATALOG_COMPILER_APPICON_NAME = AppIcon;
				CODE_SIGN_STYLE = Automatic;
				INFOPLIST_FILE = HOL5/Info.plist;
				LD_RUNPATH_SEARCH_PATHS = (
					"$(inherited)",
					"@executable_path/Frameworks",
				);
				PRODUCT_BUNDLE_IDENTIFIER = com.revature.HOL5;
				PRODUCT_NAME = "$(TARGET_NAME)";
				SWIFT_VERSION = 5.0;
				TARGETED_DEVICE_FAMILY = "1,2";
			};
			name = Release;
		};
/* End XCBuildConfiguration section */

/* Begin XCConfigurationList section */
		845490A323E9D90F00ED1CD4 /* Build configuration list for PBXProject "HOL5" */ = {
			isa = XCConfigurationList;
			buildConfigurations = (
				845490BD23E9D91100ED1CD4 /* Debug */,
				845490BE23E9D91100ED1CD4 /* Release */,
			);
			defaultConfigurationIsVisible = 0;
			defaultConfigurationName = Release;
		};
		845490BF23E9D91100ED1CD4 /* Build configuration list for PBXNativeTarget "HOL5" */ = {
			isa = XCConfigurationList;
			buildConfigurations = (
				845490C023E9D91100ED1CD4 /* Debug */,
				845490C123E9D91100ED1CD4 /* Release */,
			);
			defaultConfigurationIsVisible = 0;
			defaultConfigurationName = Release;
		};
/* End XCConfigurationList section */

/* Begin XCVersionGroup section */
		845490B423E9D90F00ED1CD4 /* HOL5.xcdatamodeld */ = {
			isa = XCVersionGroup;
			children = (
				845490B523E9D90F00ED1CD4 /* HOL5.xcdatamodel */,
			);
			currentVersion = 845490B523E9D90F00ED1CD4 /* HOL5.xcdatamodel */;
			path = HOL5.xcdatamodeld;
			sourceTree = "<group>";
			versionGroupType = wrapper.xcdatamodel;
		};
/* End XCVersionGroup section */
	};
	rootObject = 845490A023E9D90F00ED1CD4 /* Project object */;
}
